
Microsoft Visual Studio Solution File, Format Version 12.00
# Visual Studio Version 16
VisualStudioVersion = 16.0.30413.136
MinimumVisualStudioVersion = 10.0.40219.1
Project("{FAE04EC0-301F-11D3-BF4B-00C04F79EFBC}") = "Test1.Android", "Test1\Test1.Android\Test1.Android.csproj", "{9A690889-2CFC-4988-B20B-E4BCEF8A515F}"
EndProject
Project("{FAE04EC0-301F-11D3-BF4B-00C04F79EFBC}") = "Test1", "Test1\Test1\Test1.csproj", "{7DA0FCCA-0AB3-4A30-9B27-6BA5596B11B3}"
EndProject
Global
	GlobalSection(SolutionConfigurationPlatforms) = preSolution
		Debug|Any CPU = Debug|Any CPU
		Release|Any CPU = Release|Any CPU
	EndGlobalSection
	GlobalSection(ProjectConfigurationPlatforms) = postSolution
		{9A690889-2CFC-4988-B20B-E4BCEF8A515F}.Debug|Any CPU.ActiveCfg = Debug|Any CPU
		{9A690889-2CFC-4988-B20B-E4BCEF8A515F}.Debug|Any CPU.Build.0 = Debug|Any CPU
		{9A690889-2CFC-4988-B20B-E4BCEF8A515F}.Debug|Any CPU.Deploy.0 = Debug|Any CPU
		{9A690889-2CFC-4988-B20B-E4BCEF8A515F}.Release|Any CPU.ActiveCfg = Release|Any CPU
		{9A690889-2CFC-4988-B20B-E4BCEF8A515F}.Release|Any CPU.Build.0 = Release|Any CPU
		{9A690889-2CFC-4988-B20B-E4BCEF8A515F}.Release|Any CPU.Deploy.0 = Release|Any CPU
		{7DA0FCCA-0AB3-4A30-9B27-6BA5596B11B3}.Debug|Any CPU.ActiveCfg = Debug|Any CPU
		{7DA0FCCA-0AB3-4A30-9B27-6BA5596B11B3}.Debug|Any CPU.Build.0 = Debug|Any CPU
		{7DA0FCCA-0AB3-4A30-9B27-6BA5596B11B3}.Debug|Any CPU.Deploy.0 = Debug|Any CPU
		{7DA0FCCA-0AB3-4A30-9B27-6BA5596B11B3}.Release|Any CPU.ActiveCfg = Release|Any CPU
		{7DA0FCCA-0AB3-4A30-9B27-6BA5596B11B3}.Release|Any CPU.Build.0 = Release|Any CPU
		{7DA0FCCA-0AB3-4A30-9B27-6BA5596B11B3}.Release|Any CPU.Deploy.0 = Release|Any CPU
	EndGlobalSection
	GlobalSection(SolutionProperties) = preSolution
		HideSolutionNode = FALSE
	EndGlobalSection
	GlobalSection(ExtensibilityGlobals) = postSolution
		SolutionGuid = {D0BCD6F9-D961-40E6-A96E-65E7B22D36A0}
	EndGlobalSection
EndGlobal
